<?xml version="1.0" encoding="utf-8"?>
<Project ToolsVersion="4.0" xmlns="http://schemas.microsoft.com/developer/msbuild/2003">
  <ItemGroup>
    <Filter Include="Platform">
      <UniqueIdentifier>{2AC788B4-1694-E3BF-3FAD-D1672BD9184E}</UniqueIdentifier>
    </Filter>
    <Filter Include="Platform\Windows">
      <UniqueIdentifier>{64FBD71A-50F4-F66C-7926-DCF1657ED678}</UniqueIdentifier>
    </Filter>
    <Filter Include="Titus">
      <UniqueIdentifier>{3E9B2A0E-AAAF-52BF-7331-F61EDF044FF0}</UniqueIdentifier>
    </Filter>
    <Filter Include="Titus\Events">
      <UniqueIdentifier>{6275351A-4ED8-C4BE-F75D-FD74E39F9041}</UniqueIdentifier>
    </Filter>
    <Filter Include="Titus\Layers">
      <UniqueIdentifier>{3D601829-29C3-A7CD-D248-E083BE8A7350}</UniqueIdentifier>
    </Filter>
    <Filter Include="Titus\Logging">
      <UniqueIdentifier>{D4D9876B-409A-03A2-09D5-4C1F7554487E}</UniqueIdentifier>
    </Filter>
  </ItemGroup>
  <ItemGroup>
    <ClInclude Include="src\Platform\Windows\WindowsWindow.h">
      <Filter>Platform\Windows</Filter>
    </ClInclude>
    <ClInclude Include="src\TEpch.h" />
    <ClInclude Include="src\Titus.h" />
    <ClInclude Include="src\Titus\Application.h">
      <Filter>Titus</Filter>
    </ClInclude>
    <ClInclude Include="src\Titus\Core.h">
      <Filter>Titus</Filter>
    </ClInclude>
    <ClInclude Include="src\Titus\EntryPoint.h">
      <Filter>Titus</Filter>
    </ClInclude>
    <ClInclude Include="src\Titus\Events\ApplicationEvent.h">
      <Filter>Titus\Events</Filter>
    </ClInclude>
    <ClInclude Include="src\Titus\Events\Event.h">
      <Filter>Titus\Events</Filter>
    </ClInclude>
    <ClInclude Include="src\Titus\Events\KeyEvent.h">
      <Filter>Titus\Events</Filter>
    </ClInclude>
    <ClInclude Include="src\Titus\Events\MouseEvent.h">
      <Filter>Titus\Events</Filter>
    </ClInclude>
    <ClInclude Include="src\Titus\Layers\Layer.h">
      <Filter>Titus\Layers</Filter>
    </ClInclude>
    <ClInclude Include="src\Titus\Layers\LayerStack.h">
      <Filter>Titus\Layers</Filter>
    </ClInclude>
    <ClInclude Include="src\Titus\Logging\Log.h">
      <Filter>Titus\Logging</Filter>
    </ClInclude>
    <ClInclude Include="src\Titus\Window.h">
      <Filter>Titus</Filter>
    </ClInclude>
  </ItemGroup>
  <ItemGroup>
    <ClCompile Include="src\Platform\Windows\WindowsWindow.cpp">
      <Filter>Platform\Windows</Filter>
    </ClCompile>
    <ClCompile Include="src\TEpch.cpp" />
    <ClCompile Include="src\Titus\Application.cpp">
      <Filter>Titus</Filter>
    </ClCompile>
    <ClCompile Include="src\Titus\Layers\Layer.cpp">
      <Filter>Titus\Layers</Filter>
    </ClCompile>
    <ClCompile Include="src\Titus\Layers\LayerStack.cpp">
      <Filter>Titus\Layers</Filter>
    </ClCompile>
    <ClCompile Include="src\Titus\Logging\Log.cpp">
      <Filter>Titus\Logging</Filter>
    </ClCompile>
  </ItemGroup>
</Project>